// !$*UTF8*$!
{
	archiveVersion = 1;
	classes = {
	};
	objectVersion = 51;
	objects = {

/* Begin PBXBuildFile section */
		036838953A362B7850C3D2CA /* Pods_Parstagram_ParstagramUITests.framework in Frameworks */ = {isa = PBXBuildFile; fileRef = 75B22E04DD8D48B0C11BA431 /* Pods_Parstagram_ParstagramUITests.framework */; };
		0FCD82120BDD42F54B9F880E /* Pods_Parstagram.framework in Frameworks */ = {isa = PBXBuildFile; fileRef = 66EB985E11295407E2214DFA /* Pods_Parstagram.framework */; };
		1085785324673DED00D0C69E /* LoginViewController.swift in Sources */ = {isa = PBXBuildFile; fileRef = 1085785224673DED00D0C69E /* LoginViewController.swift */; };
		1085785524673E1400D0C69E /* FeedViewController.swift in Sources */ = {isa = PBXBuildFile; fileRef = 1085785424673E1400D0C69E /* FeedViewController.swift */; };
		108578572467482700D0C69E /* CameraViewController.swift in Sources */ = {isa = PBXBuildFile; fileRef = 108578562467482700D0C69E /* CameraViewController.swift */; };
		10857859246754C700D0C69E /* PostCell.swift in Sources */ = {isa = PBXBuildFile; fileRef = 10857858246754C600D0C69E /* PostCell.swift */; };
		10B09A24246628DF002D46ED /* AppDelegate.swift in Sources */ = {isa = PBXBuildFile; fileRef = 10B09A23246628DF002D46ED /* AppDelegate.swift */; };
		10B09A26246628DF002D46ED /* SceneDelegate.swift in Sources */ = {isa = PBXBuildFile; fileRef = 10B09A25246628DF002D46ED /* SceneDelegate.swift */; };
		10B09A2B246628DF002D46ED /* Main.storyboard in Resources */ = {isa = PBXBuildFile; fileRef = 10B09A29246628DF002D46ED /* Main.storyboard */; };
		10B09A2D246628E7002D46ED /* Assets.xcassets in Resources */ = {isa = PBXBuildFile; fileRef = 10B09A2C246628E7002D46ED /* Assets.xcassets */; };
		10B09A30246628E7002D46ED /* LaunchScreen.storyboard in Resources */ = {isa = PBXBuildFile; fileRef = 10B09A2E246628E7002D46ED /* LaunchScreen.storyboard */; };
		10B09A3B246628E7002D46ED /* ParstagramTests.swift in Sources */ = {isa = PBXBuildFile; fileRef = 10B09A3A246628E7002D46ED /* ParstagramTests.swift */; };
		10B09A46246628E7002D46ED /* ParstagramUITests.swift in Sources */ = {isa = PBXBuildFile; fileRef = 10B09A45246628E7002D46ED /* ParstagramUITests.swift */; };
		F306DDE80CE665DED83DD244 /* Pods_ParstagramTests.framework in Frameworks */ = {isa = PBXBuildFile; fileRef = 9387FE8FCD13EF93D992F4B6 /* Pods_ParstagramTests.framework */; };
/* End PBXBuildFile section */

/* Begin PBXContainerItemProxy section */
		10B09A37246628E7002D46ED /* PBXContainerItemProxy */ = {
			isa = PBXContainerItemProxy;
			containerPortal = 10B09A18246628DF002D46ED /* Project object */;
			proxyType = 1;
			remoteGlobalIDString = 10B09A1F246628DF002D46ED;
			remoteInfo = Parstagram;
		};
		10B09A42246628E7002D46ED /* PBXContainerItemProxy */ = {
			isa = PBXContainerItemProxy;
			containerPortal = 10B09A18246628DF002D46ED /* Project object */;
			proxyType = 1;
			remoteGlobalIDString = 10B09A1F246628DF002D46ED;
			remoteInfo = Parstagram;
		};
/* End PBXContainerItemProxy section */

/* Begin PBXFileReference section */
		0901742A89E013E15BEFA07C /* Pods-Parstagram.release.xcconfig */ = {isa = PBXFileReference; includeInIndex = 1; lastKnownFileType = text.xcconfig; name = "Pods-Parstagram.release.xcconfig"; path = "Target Support Files/Pods-Parstagram/Pods-Parstagram.release.xcconfig"; sourceTree = "<group>"; };
		1085785224673DED00D0C69E /* LoginViewController.swift */ = {isa = PBXFileReference; lastKnownFileType = sourcecode.swift; path = LoginViewController.swift; sourceTree = "<group>"; };
		1085785424673E1400D0C69E /* FeedViewController.swift */ = {isa = PBXFileReference; lastKnownFileType = sourcecode.swift; path = FeedViewController.swift; sourceTree = "<group>"; };
		108578562467482700D0C69E /* CameraViewController.swift */ = {isa = PBXFileReference; lastKnownFileType = sourcecode.swift; path = CameraViewController.swift; sourceTree = "<group>"; };
		10857858246754C600D0C69E /* PostCell.swift */ = {isa = PBXFileReference; lastKnownFileType = sourcecode.swift; path = PostCell.swift; sourceTree = "<group>"; };
		10B09A20246628DF002D46ED /* Parstagram.app */ = {isa = PBXFileReference; explicitFileType = wrapper.application; includeInIndex = 0; path = Parstagram.app; sourceTree = BUILT_PRODUCTS_DIR; };
		10B09A23246628DF002D46ED /* AppDelegate.swift */ = {isa = PBXFileReference; lastKnownFileType = sourcecode.swift; path = AppDelegate.swift; sourceTree = "<group>"; };
		10B09A25246628DF002D46ED /* SceneDelegate.swift */ = {isa = PBXFileReference; lastKnownFileType = sourcecode.swift; path = SceneDelegate.swift; sourceTree = "<group>"; };
		10B09A2A246628DF002D46ED /* Base */ = {isa = PBXFileReference; lastKnownFileType = file.storyboard; name = Base; path = Base.lproj/Main.storyboard; sourceTree = "<group>"; };
		10B09A2C246628E7002D46ED /* Assets.xcassets */ = {isa = PBXFileReference; lastKnownFileType = folder.assetcatalog; path = Assets.xcassets; sourceTree = "<group>"; };
		10B09A2F246628E7002D46ED /* Base */ = {isa = PBXFileReference; lastKnownFileType = file.storyboard; name = Base; path = Base.lproj/LaunchScreen.storyboard; sourceTree = "<group>"; };
		10B09A31246628E7002D46ED /* Info.plist */ = {isa = PBXFileReference; lastKnownFileType = text.plist.xml; path = Info.plist; sourceTree = "<group>"; };
		10B09A36246628E7002D46ED /* ParstagramTests.xctest */ = {isa = PBXFileReference; explicitFileType = wrapper.cfbundle; includeInIndex = 0; path = ParstagramTests.xctest; sourceTree = BUILT_PRODUCTS_DIR; };
		10B09A3A246628E7002D46ED /* ParstagramTests.swift */ = {isa = PBXFileReference; lastKnownFileType = sourcecode.swift; path = ParstagramTests.swift; sourceTree = "<group>"; };
		10B09A3C246628E7002D46ED /* Info.plist */ = {isa = PBXFileReference; lastKnownFileType = text.plist.xml; path = Info.plist; sourceTree = "<group>"; };
		10B09A41246628E7002D46ED /* ParstagramUITests.xctest */ = {isa = PBXFileReference; explicitFileType = wrapper.cfbundle; includeInIndex = 0; path = ParstagramUITests.xctest; sourceTree = BUILT_PRODUCTS_DIR; };
		10B09A45246628E7002D46ED /* ParstagramUITests.swift */ = {isa = PBXFileReference; lastKnownFileType = sourcecode.swift; path = ParstagramUITests.swift; sourceTree = "<group>"; };
		10B09A47246628E7002D46ED /* Info.plist */ = {isa = PBXFileReference; lastKnownFileType = text.plist.xml; path = Info.plist; sourceTree = "<group>"; };
		2262076ACCF276E6A30BBF72 /* Pods-Parstagram-ParstagramUITests.debug.xcconfig */ = {isa = PBXFileReference; includeInIndex = 1; lastKnownFileType = text.xcconfig; name = "Pods-Parstagram-ParstagramUITests.debug.xcconfig"; path = "Target Support Files/Pods-Parstagram-ParstagramUITests/Pods-Parstagram-ParstagramUITests.debug.xcconfig"; sourceTree = "<group>"; };
		2F83FD22CB7A8939266D646C /* Pods-Parstagram.debug.xcconfig */ = {isa = PBXFileReference; includeInIndex = 1; lastKnownFileType = text.xcconfig; name = "Pods-Parstagram.debug.xcconfig"; path = "Target Support Files/Pods-Parstagram/Pods-Parstagram.debug.xcconfig"; sourceTree = "<group>"; };
		66EB985E11295407E2214DFA /* Pods_Parstagram.framework */ = {isa = PBXFileReference; explicitFileType = wrapper.framework; includeInIndex = 0; path = Pods_Parstagram.framework; sourceTree = BUILT_PRODUCTS_DIR; };
		75B22E04DD8D48B0C11BA431 /* Pods_Parstagram_ParstagramUITests.framework */ = {isa = PBXFileReference; explicitFileType = wrapper.framework; includeInIndex = 0; path = Pods_Parstagram_ParstagramUITests.framework; sourceTree = BUILT_PRODUCTS_DIR; };
		850C3FD59A9689A74F8423A9 /* Pods-ParstagramTests.debug.xcconfig */ = {isa = PBXFileReference; includeInIndex = 1; lastKnownFileType = text.xcconfig; name = "Pods-ParstagramTests.debug.xcconfig"; path = "Target Support Files/Pods-ParstagramTests/Pods-ParstagramTests.debug.xcconfig"; sourceTree = "<group>"; };
		9387FE8FCD13EF93D992F4B6 /* Pods_ParstagramTests.framework */ = {isa = PBXFileReference; explicitFileType = wrapper.framework; includeInIndex = 0; path = Pods_ParstagramTests.framework; sourceTree = BUILT_PRODUCTS_DIR; };
		E1CA58BB0F8115049AEEBCBA /* Pods-Parstagram-ParstagramUITests.release.xcconfig */ = {isa = PBXFileReference; includeInIndex = 1; lastKnownFileType = text.xcconfig; name = "Pods-Parstagram-ParstagramUITests.release.xcconfig"; path = "Target Support Files/Pods-Parstagram-ParstagramUITests/Pods-Parstagram-ParstagramUITests.release.xcconfig"; sourceTree = "<group>"; };
		E7884562C4AAFEDC34B34B7B /* Pods-ParstagramTests.release.xcconfig */ = {isa = PBXFileReference; includeInIndex = 1; lastKnownFileType = text.xcconfig; name = "Pods-ParstagramTests.release.xcconfig"; path = "Target Support Files/Pods-ParstagramTests/Pods-ParstagramTests.release.xcconfig"; sourceTree = "<group>"; };
/* End PBXFileReference section */

/* Begin PBXFrameworksBuildPhase section */
		10B09A1D246628DF002D46ED /* Frameworks */ = {
			isa = PBXFrameworksBuildPhase;
			buildActionMask = 2147483647;
			files = (
				0FCD82120BDD42F54B9F880E /* Pods_Parstagram.framework in Frameworks */,
			);
			runOnlyForDeploymentPostprocessing = 0;
		};
		10B09A33246628E7002D46ED /* Frameworks */ = {
			isa = PBXFrameworksBuildPhase;
			buildActionMask = 2147483647;
			files = (
				F306DDE80CE665DED83DD244 /* Pods_ParstagramTests.framework in Frameworks */,
			);
			runOnlyForDeploymentPostprocessing = 0;
		};
		10B09A3E246628E7002D46ED /* Frameworks */ = {
			isa = PBXFrameworksBuildPhase;
			buildActionMask = 2147483647;
			files = (
				036838953A362B7850C3D2CA /* Pods_Parstagram_ParstagramUITests.framework in Frameworks */,
			);
			runOnlyForDeploymentPostprocessing = 0;
		};
/* End PBXFrameworksBuildPhase section */

/* Begin PBXGroup section */
		10B09A17246628DF002D46ED = {
			isa = PBXGroup;
			children = (
				10B09A22246628DF002D46ED /* Parstagram */,
				10B09A39246628E7002D46ED /* ParstagramTests */,
				10B09A44246628E7002D46ED /* ParstagramUITests */,
				10B09A21246628DF002D46ED /* Products */,
				BBEF2D03634B88752C568EA4 /* Pods */,
				644AFF3826F75F83B6D30CB5 /* Frameworks */,
			);
			sourceTree = "<group>";
		};
		10B09A21246628DF002D46ED /* Products */ = {
			isa = PBXGroup;
			children = (
				10B09A20246628DF002D46ED /* Parstagram.app */,
				10B09A36246628E7002D46ED /* ParstagramTests.xctest */,
				10B09A41246628E7002D46ED /* ParstagramUITests.xctest */,
			);
			name = Products;
			sourceTree = "<group>";
		};
		10B09A22246628DF002D46ED /* Parstagram */ = {
			isa = PBXGroup;
			children = (
				10B09A23246628DF002D46ED /* AppDelegate.swift */,
				10B09A25246628DF002D46ED /* SceneDelegate.swift */,
				10B09A29246628DF002D46ED /* Main.storyboard */,
				10B09A2C246628E7002D46ED /* Assets.xcassets */,
				10B09A2E246628E7002D46ED /* LaunchScreen.storyboard */,
				10B09A31246628E7002D46ED /* Info.plist */,
				1085785224673DED00D0C69E /* LoginViewController.swift */,
				1085785424673E1400D0C69E /* FeedViewController.swift */,
				108578562467482700D0C69E /* CameraViewController.swift */,
				10857858246754C600D0C69E /* PostCell.swift */,
			);
			path = Parstagram;
			sourceTree = "<group>";
		};
		10B09A39246628E7002D46ED /* ParstagramTests */ = {
			isa = PBXGroup;
			children = (
				10B09A3A246628E7002D46ED /* ParstagramTests.swift */,
				10B09A3C246628E7002D46ED /* Info.plist */,
			);
			path = ParstagramTests;
			sourceTree = "<group>";
		};
		10B09A44246628E7002D46ED /* ParstagramUITests */ = {
			isa = PBXGroup;
			children = (
				10B09A45246628E7002D46ED /* ParstagramUITests.swift */,
				10B09A47246628E7002D46ED /* Info.plist */,
			);
			path = ParstagramUITests;
			sourceTree = "<group>";
		};
		644AFF3826F75F83B6D30CB5 /* Frameworks */ = {
			isa = PBXGroup;
			children = (
				66EB985E11295407E2214DFA /* Pods_Parstagram.framework */,
				75B22E04DD8D48B0C11BA431 /* Pods_Parstagram_ParstagramUITests.framework */,
				9387FE8FCD13EF93D992F4B6 /* Pods_ParstagramTests.framework */,
			);
			name = Frameworks;
			sourceTree = "<group>";
		};
		BBEF2D03634B88752C568EA4 /* Pods */ = {
			isa = PBXGroup;
			children = (
				2F83FD22CB7A8939266D646C /* Pods-Parstagram.debug.xcconfig */,
				0901742A89E013E15BEFA07C /* Pods-Parstagram.release.xcconfig */,
				2262076ACCF276E6A30BBF72 /* Pods-Parstagram-ParstagramUITests.debug.xcconfig */,
				E1CA58BB0F8115049AEEBCBA /* Pods-Parstagram-ParstagramUITests.release.xcconfig */,
				850C3FD59A9689A74F8423A9 /* Pods-ParstagramTests.debug.xcconfig */,
				E7884562C4AAFEDC34B34B7B /* Pods-ParstagramTests.release.xcconfig */,
			);
			path = Pods;
			sourceTree = "<group>";
		};
/* End PBXGroup section */

/* Begin PBXNativeTarget section */
		10B09A1F246628DF002D46ED /* Parstagram */ = {
			isa = PBXNativeTarget;
			buildConfigurationList = 10B09A4A246628E7002D46ED /* Build configuration list for PBXNativeTarget "Parstagram" */;
			buildPhases = (
				7E1516163EB31B7930BF70C9 /* [CP] Check Pods Manifest.lock */,
				10B09A1C246628DF002D46ED /* Sources */,
				10B09A1D246628DF002D46ED /* Frameworks */,
				10B09A1E246628DF002D46ED /* Resources */,
				B70E6D20CCB2C213F609DFD7 /* [CP] Embed Pods Frameworks */,
			);
			buildRules = (
			);
			dependencies = (
			);
			name = Parstagram;
			productName = Parstagram;
			productReference = 10B09A20246628DF002D46ED /* Parstagram.app */;
			productType = "com.apple.product-type.application";
		};
		10B09A35246628E7002D46ED /* ParstagramTests */ = {
			isa = PBXNativeTarget;
			buildConfigurationList = 10B09A4D246628E7002D46ED /* Build configuration list for PBXNativeTarget "ParstagramTests" */;
			buildPhases = (
				2F0C6386EDBABE5890805682 /* [CP] Check Pods Manifest.lock */,
				10B09A32246628E7002D46ED /* Sources */,
				10B09A33246628E7002D46ED /* Frameworks */,
				10B09A34246628E7002D46ED /* Resources */,
			);
			buildRules = (
			);
			dependencies = (
				10B09A38246628E7002D46ED /* PBXTargetDependency */,
			);
			name = ParstagramTests;
			productName = ParstagramTests;
			productReference = 10B09A36246628E7002D46ED /* ParstagramTests.xctest */;
			productType = "com.apple.product-type.bundle.unit-test";
		};
		10B09A40246628E7002D46ED /* ParstagramUITests */ = {
			isa = PBXNativeTarget;
			buildConfigurationList = 10B09A50246628E7002D46ED /* Build configuration list for PBXNativeTarget "ParstagramUITests" */;
			buildPhases = (
				FC71ED53E87E373A9BC8F79D /* [CP] Check Pods Manifest.lock */,
				10B09A3D246628E7002D46ED /* Sources */,
				10B09A3E246628E7002D46ED /* Frameworks */,
				10B09A3F246628E7002D46ED /* Resources */,
				FBA2DC575A5E57D0913C8AB0 /* [CP] Embed Pods Frameworks */,
			);
			buildRules = (
			);
			dependencies = (
				10B09A43246628E7002D46ED /* PBXTargetDependency */,
			);
			name = ParstagramUITests;
			productName = ParstagramUITests;
			productReference = 10B09A41246628E7002D46ED /* ParstagramUITests.xctest */;
			productType = "com.apple.product-type.bundle.ui-testing";
		};
/* End PBXNativeTarget section */

/* Begin PBXProject section */
		10B09A18246628DF002D46ED /* Project object */ = {
			isa = PBXProject;
			attributes = {
				LastSwiftUpdateCheck = 1140;
				LastUpgradeCheck = 1140;
				ORGANIZATIONNAME = "Maika Marin";
				TargetAttributes = {
					10B09A1F246628DF002D46ED = {
						CreatedOnToolsVersion = 11.4;
					};
					10B09A35246628E7002D46ED = {
						CreatedOnToolsVersion = 11.4;
						TestTargetID = 10B09A1F246628DF002D46ED;
					};
					10B09A40246628E7002D46ED = {
						CreatedOnToolsVersion = 11.4;
						TestTargetID = 10B09A1F246628DF002D46ED;
					};
				};
			};
			buildConfigurationList = 10B09A1B246628DF002D46ED /* Build configuration list for PBXProject "Parstagram" */;
			compatibilityVersion = "Xcode 9.3";
			developmentRegion = en;
			hasScannedForEncodings = 0;
			knownRegions = (
				en,
				Base,
			);
			mainGroup = 10B09A17246628DF002D46ED;
			productRefGroup = 10B09A21246628DF002D46ED /* Products */;
			projectDirPath = "";
			projectRoot = "";
			targets = (
				10B09A1F246628DF002D46ED /* Parstagram */,
				10B09A35246628E7002D46ED /* ParstagramTests */,
				10B09A40246628E7002D46ED /* ParstagramUITests */,
			);
		};
/* End PBXProject section */

/* Begin PBXResourcesBuildPhase section */
		10B09A1E246628DF002D46ED /* Resources */ = {
			isa = PBXResourcesBuildPhase;
			buildActionMask = 2147483647;
			files = (
				10B09A30246628E7002D46ED /* LaunchScreen.storyboard in Resources */,
				10B09A2D246628E7002D46ED /* Assets.xcassets in Resources */,
				10B09A2B246628DF002D46ED /* Main.storyboard in Resources */,
			);
			runOnlyForDeploymentPostprocessing = 0;
		};
		10B09A34246628E7002D46ED /* Resources */ = {
			isa = PBXResourcesBuildPhase;
			buildActionMask = 2147483647;
			files = (
			);
			runOnlyForDeploymentPostprocessing = 0;
		};
		10B09A3F246628E7002D46ED /* Resources */ = {
			isa = PBXResourcesBuildPhase;
			buildActionMask = 2147483647;
			files = (
			);
			runOnlyForDeploymentPostprocessing = 0;
		};
/* End PBXResourcesBuildPhase section */

/* Begin PBXShellScriptBuildPhase section */
		2F0C6386EDBABE5890805682 /* [CP] Check Pods Manifest.lock */ = {
			isa = PBXShellScriptBuildPhase;
			buildActionMask = 2147483647;
			files = (
			);
			inputFileListPaths = (
			);
			inputPaths = (
				"${PODS_PODFILE_DIR_PATH}/Podfile.lock",
				"${PODS_ROOT}/Manifest.lock",
			);
			name = "[CP] Check Pods Manifest.lock";
			outputFileListPaths = (
			);
			outputPaths = (
				"$(DERIVED_FILE_DIR)/Pods-ParstagramTests-checkManifestLockResult.txt",
			);
			runOnlyForDeploymentPostprocessing = 0;
			shellPath = /bin/sh;
			shellScript = "diff \"${PODS_PODFILE_DIR_PATH}/Podfile.lock\" \"${PODS_ROOT}/Manifest.lock\" > /dev/null\nif [ $? != 0 ] ; then\n    # print error to STDERR\n    echo \"error: The sandbox is not in sync with the Podfile.lock. Run 'pod install' or update your CocoaPods installation.\" >&2\n    exit 1\nfi\n# This output is used by Xcode 'outputs' to avoid re-running this script phase.\necho \"SUCCESS\" > \"${SCRIPT_OUTPUT_FILE_0}\"\n";
			showEnvVarsInLog = 0;
		};
		7E1516163EB31B7930BF70C9 /* [CP] Check Pods Manifest.lock */ = {
			isa = PBXShellScriptBuildPhase;
			buildActionMask = 2147483647;
			files = (
			);
			inputFileListPaths = (
			);
			inputPaths = (
				"${PODS_PODFILE_DIR_PATH}/Podfile.lock",
				"${PODS_ROOT}/Manifest.lock",
			);
			name = "[CP] Check Pods Manifest.lock";
			outputFileListPaths = (
			);
			outputPaths = (
				"$(DERIVED_FILE_DIR)/Pods-Parstagram-checkManifestLockResult.txt",
			);
			runOnlyForDeploymentPostprocessing = 0;
			shellPath = /bin/sh;
			shellScript = "diff \"${PODS_PODFILE_DIR_PATH}/Podfile.lock\" \"${PODS_ROOT}/Manifest.lock\" > /dev/null\nif [ $? != 0 ] ; then\n    # print error to STDERR\n    echo \"error: The sandbox is not in sync with the Podfile.lock. Run 'pod install' or update your CocoaPods installation.\" >&2\n    exit 1\nfi\n# This output is used by Xcode 'outputs' to avoid re-running this script phase.\necho \"SUCCESS\" > \"${SCRIPT_OUTPUT_FILE_0}\"\n";
			showEnvVarsInLog = 0;
		};
		B70E6D20CCB2C213F609DFD7 /* [CP] Embed Pods Frameworks */ = {
			isa = PBXShellScriptBuildPhase;
			buildActionMask = 2147483647;
			files = (
			);
			inputFileListPaths = (
				"${PODS_ROOT}/Target Support Files/Pods-Parstagram/Pods-Parstagram-frameworks-${CONFIGURATION}-input-files.xcfilelist",
			);
			name = "[CP] Embed Pods Frameworks";
			outputFileListPaths = (
				"${PODS_ROOT}/Target Support Files/Pods-Parstagram/Pods-Parstagram-frameworks-${CONFIGURATION}-output-files.xcfilelist",
			);
			runOnlyForDeploymentPostprocessing = 0;
			shellPath = /bin/sh;
			shellScript = "\"${PODS_ROOT}/Target Support Files/Pods-Parstagram/Pods-Parstagram-frameworks.sh\"\n";
			showEnvVarsInLog = 0;
		};
		FBA2DC575A5E57D0913C8AB0 /* [CP] Embed Pods Frameworks */ = {
			isa = PBXShellScriptBuildPhase;
			buildActionMask = 2147483647;
			files = (
			);
			inputFileListPaths = (
				"${PODS_ROOT}/Target Support Files/Pods-Parstagram-ParstagramUITests/Pods-Parstagram-ParstagramUITests-frameworks-${CONFIGURATION}-input-files.xcfilelist",
			);
			name = "[CP] Embed Pods Frameworks";
			outputFileListPaths = (
				"${PODS_ROOT}/Target Support Files/Pods-Parstagram-ParstagramUITests/Pods-Parstagram-ParstagramUITests-frameworks-${CONFIGURATION}-output-files.xcfilelist",
			);
			runOnlyForDeploymentPostprocessing = 0;
			shellPath = /bin/sh;
			shellScript = "\"${PODS_ROOT}/Target Support Files/Pods-Parstagram-ParstagramUITests/Pods-Parstagram-ParstagramUITests-frameworks.sh\"\n";
			showEnvVarsInLog = 0;
		};
		FC71ED53E87E373A9BC8F79D /* [CP] Check Pods Manifest.lock */ = {
			isa = PBXShellScriptBuildPhase;
			buildActionMask = 2147483647;
			files = (
			);
			inputFileListPaths = (
			);
			inputPaths = (
				"${PODS_PODFILE_DIR_PATH}/Podfile.lock",
				"${PODS_ROOT}/Manifest.lock",
			);
			name = "[CP] Check Pods Manifest.lock";
			outputFileListPaths = (
			);
			outputPaths = (
				"$(DERIVED_FILE_DIR)/Pods-Parstagram-ParstagramUITests-checkManifestLockResult.txt",
			);
			runOnlyForDeploymentPostprocessing = 0;
			shellPath = /bin/sh;
			shellScript = "diff \"${PODS_PODFILE_DIR_PATH}/Podfile.lock\" \"${PODS_ROOT}/Manifest.lock\" > /dev/null\nif [ $? != 0 ] ; then\n    # print error to STDERR\n    echo \"error: The sandbox is not in sync with the Podfile.lock. Run 'pod install' or update your CocoaPods installation.\" >&2\n    exit 1\nfi\n# This output is used by Xcode 'outputs' to avoid re-running this script phase.\necho \"SUCCESS\" > \"${SCRIPT_OUTPUT_FILE_0}\"\n";
			showEnvVarsInLog = 0;
		};
/* End PBXShellScriptBuildPhase section */

/* Begin PBXSourcesBuildPhase section */
		10B09A1C246628DF002D46ED /* Sources */ = {
			isa = PBXSourcesBuildPhase;
			buildActionMask = 2147483647;
			files = (
				1085785324673DED00D0C69E /* LoginViewController.swift in Sources */,
				108578572467482700D0C69E /* CameraViewController.swift in Sources */,
				10B09A24246628DF002D46ED /* AppDelegate.swift in Sources */,
				1085785524673E1400D0C69E /* FeedViewController.swift in Sources */,
				10B09A26246628DF002D46ED /* SceneDelegate.swift in Sources */,
				10857859246754C700D0C69E /* PostCell.swift in Sources */,
			);
			runOnlyForDeploymentPostprocessing = 0;
		};
		10B09A32246628E7002D46ED /* Sources */ = {
			isa = PBXSourcesBuildPhase;
			buildActionMask = 2147483647;
			files = (
				10B09A3B246628E7002D46ED /* ParstagramTests.swift in Sources */,
			);
			runOnlyForDeploymentPostprocessing = 0;
		};
		10B09A3D246628E7002D46ED /* Sources */ = {
			isa = PBXSourcesBuildPhase;
			buildActionMask = 2147483647;
			files = (
				10B09A46246628E7002D46ED /* ParstagramUITests.swift in Sources */,
			);
			runOnlyForDeploymentPostprocessing = 0;
		};
/* End PBXSourcesBuildPhase section */

/* Begin PBXTargetDependency section */
		10B09A38246628E7002D46ED /* PBXTargetDependency */ = {
			isa = PBXTargetDependency;
			target = 10B09A1F246628DF002D46ED /* Parstagram */;
			targetProxy = 10B09A37246628E7002D46ED /* PBXContainerItemProxy */;
		};
		10B09A43246628E7002D46ED /* PBXTargetDependency */ = {
			isa = PBXTargetDependency;
			target = 10B09A1F246628DF002D46ED /* Parstagram */;
			targetProxy = 10B09A42246628E7002D46ED /* PBXContainerItemProxy */;
		};
/* End PBXTargetDependency section */

/* Begin PBXVariantGroup section */
		10B09A29246628DF002D46ED /* Main.storyboard */ = {
			isa = PBXVariantGroup;
			children = (
				10B09A2A246628DF002D46ED /* Base */,
			);
			name = Main.storyboard;
			sourceTree = "<group>";
		};
		10B09A2E246628E7002D46ED /* LaunchScreen.storyboard */ = {
			isa = PBXVariantGroup;
			children = (
				10B09A2F246628E7002D46ED /* Base */,
			);
			name = LaunchScreen.storyboard;
			sourceTree = "<group>";
		};
/* End PBXVariantGroup section */

/* Begin XCBuildConfiguration section */
		10B09A48246628E7002D46ED /* Debug */ = {
			isa = XCBuildConfiguration;
			buildSettings = {
				ALWAYS_SEARCH_USER_PATHS = NO;
				CLANG_ANALYZER_NONNULL = YES;
				CLANG_ANALYZER_NUMBER_OBJECT_CONVERSION = YES_AGGRESSIVE;
				CLANG_CXX_LANGUAGE_STANDARD = "gnu++14";
				CLANG_CXX_LIBRARY = "libc++";
				CLANG_ENABLE_MODULES = YES;
				CLANG_ENABLE_OBJC_ARC = YES;
				CLANG_ENABLE_OBJC_WEAK = YES;
				CLANG_WARN_BLOCK_CAPTURE_AUTORELEASING = YES;
				CLANG_WARN_BOOL_CONVERSION = YES;
				CLANG_WARN_COMMA = YES;
				CLANG_WARN_CONSTANT_CONVERSION = YES;
				CLANG_WARN_DEPRECATED_OBJC_IMPLEMENTATIONS = YES;
				CLANG_WARN_DIRECT_OBJC_ISA_USAGE = YES_ERROR;
				CLANG_WARN_DOCUMENTATION_COMMENTS = YES;
				CLANG_WARN_EMPTY_BODY = YES;
				CLANG_WARN_ENUM_CONVERSION = YES;
				CLANG_WARN_INFINITE_RECURSION = YES;
				CLANG_WARN_INT_CONVERSION = YES;
				CLANG_WARN_NON_LITERAL_NULL_CONVERSION = YES;
				CLANG_WARN_OBJC_IMPLICIT_RETAIN_SELF = YES;
				CLANG_WARN_OBJC_LITERAL_CONVERSION = YES;
				CLANG_WARN_OBJC_ROOT_CLASS = YES_ERROR;
				CLANG_WARN_RANGE_LOOP_ANALYSIS = YES;
				CLANG_WARN_STRICT_PROTOTYPES = YES;
				CLANG_WARN_SUSPICIOUS_MOVE = YES;
				CLANG_WARN_UNGUARDED_AVAILABILITY = YES_AGGRESSIVE;
				CLANG_WARN_UNREACHABLE_CODE = YES;
				CLANG_WARN__DUPLICATE_METHOD_MATCH = YES;
				COPY_PHASE_STRIP = NO;
				DEBUG_INFORMATION_FORMAT = dwarf;
				ENABLE_STRICT_OBJC_MSGSEND = YES;
				ENABLE_TESTABILITY = YES;
				GCC_C_LANGUAGE_STANDARD = gnu11;
				GCC_DYNAMIC_NO_PIC = NO;
				GCC_NO_COMMON_BLOCKS = YES;
				GCC_OPTIMIZATION_LEVEL = 0;
				GCC_PREPROCESSOR_DEFINITIONS = (
					"DEBUG=1",
					"$(inherited)",
				);
				GCC_WARN_64_TO_32_BIT_CONVERSION = YES;
				GCC_WARN_ABOUT_RETURN_TYPE = YES_ERROR;
				GCC_WARN_UNDECLARED_SELECTOR = YES;
				GCC_WARN_UNINITIALIZED_AUTOS = YES_AGGRESSIVE;
				GCC_WARN_UNUSED_FUNCTION = YES;
				GCC_WARN_UNUSED_VARIABLE = YES;
				IPHONEOS_DEPLOYMENT_TARGET = 13.4;
				MTL_ENABLE_DEBUG_INFO = INCLUDE_SOURCE;
				MTL_FAST_MATH = YES;
				ONLY_ACTIVE_ARCH = YES;
				SDKROOT = iphoneos;
				SWIFT_ACTIVE_COMPILATION_CONDITIONS = DEBUG;
				SWIFT_OPTIMIZATION_LEVEL = "-Onone";
			};
			name = Debug;
		};
		10B09A49246628E7002D46ED /* Release */ = {
			isa = XCBuildConfiguration;
			buildSettings = {
				ALWAYS_SEARCH_USER_PATHS = NO;
				CLANG_ANALYZER_NONNULL = YES;
				CLANG_ANALYZER_NUMBER_OBJECT_CONVERSION = YES_AGGRESSIVE;
				CLANG_CXX_LANGUAGE_STANDARD = "gnu++14";
				CLANG_CXX_LIBRARY = "libc++";
				CLANG_ENABLE_MODULES = YES;
				CLANG_ENABLE_OBJC_ARC = YES;
				CLANG_ENABLE_OBJC_WEAK = YES;
				CLANG_WARN_BLOCK_CAPTURE_AUTORELEASING = YES;
				CLANG_WARN_BOOL_CONVERSION = YES;
				CLANG_WARN_COMMA = YES;
				CLANG_WARN_CONSTANT_CONVERSION = YES;
				CLANG_WARN_DEPRECATED_OBJC_IMPLEMENTATIONS = YES;
				CLANG_WARN_DIRECT_OBJC_ISA_USAGE = YES_ERROR;
				CLANG_WARN_DOCUMENTATION_COMMENTS = YES;
				CLANG_WARN_EMPTY_BODY = YES;
				CLANG_WARN_ENUM_CONVERSION = YES;
				CLANG_WARN_INFINITE_RECURSION = YES;
				CLANG_WARN_INT_CONVERSION = YES;
				CLANG_WARN_NON_LITERAL_NULL_CONVERSION = YES;
				CLANG_WARN_OBJC_IMPLICIT_RETAIN_SELF = YES;
				CLANG_WARN_OBJC_LITERAL_CONVERSION = YES;
				CLANG_WARN_OBJC_ROOT_CLASS = YES_ERROR;
				CLANG_WARN_RANGE_LOOP_ANALYSIS = YES;
				CLANG_WARN_STRICT_PROTOTYPES = YES;
				CLANG_WARN_SUSPICIOUS_MOVE = YES;
				CLANG_WARN_UNGUARDED_AVAILABILITY = YES_AGGRESSIVE;
				CLANG_WARN_UNREACHABLE_CODE = YES;
				CLANG_WARN__DUPLICATE_METHOD_MATCH = YES;
				COPY_PHASE_STRIP = NO;
				DEBUG_INFORMATION_FORMAT = "dwarf-with-dsym";
				ENABLE_NS_ASSERTIONS = NO;
				ENABLE_STRICT_OBJC_MSGSEND = YES;
				GCC_C_LANGUAGE_STANDARD = gnu11;
				GCC_NO_COMMON_BLOCKS = YES;
				GCC_WARN_64_TO_32_BIT_CONVERSION = YES;
				GCC_WARN_ABOUT_RETURN_TYPE = YES_ERROR;
				GCC_WARN_UNDECLARED_SELECTOR = YES;
				GCC_WARN_UNINITIALIZED_AUTOS = YES_AGGRESSIVE;
				GCC_WARN_UNUSED_FUNCTION = YES;
				GCC_WARN_UNUSED_VARIABLE = YES;
				IPHONEOS_DEPLOYMENT_TARGET = 13.4;
				MTL_ENABLE_DEBUG_INFO = NO;
				MTL_FAST_MATH = YES;
				SDKROOT = iphoneos;
				SWIFT_COMPILATION_MODE = wholemodule;
				SWIFT_OPTIMIZATION_LEVEL = "-O";
				VALIDATE_PRODUCT = YES;
			};
			name = Release;
		};
		10B09A4B246628E7002D46ED /* Debug */ = {
			isa = XCBuildConfiguration;
			baseConfigurationReference = 2F83FD22CB7A8939266D646C /* Pods-Parstagram.debug.xcconfig */;
			buildSettings = {
				ASSETCATALOG_COMPILER_APPICON_NAME = AppIcon;
				CODE_SIGN_STYLE = Automatic;
				INFOPLIST_FILE = Parstagram/Info.plist;
				LD_RUNPATH_SEARCH_PATHS = (
					"$(inherited)",
					"@executable_path/Frameworks",
				);
				PRODUCT_BUNDLE_IDENTIFIER = Codepath.Parstagram;
				PRODUCT_NAME = "$(TARGET_NAME)";
				SWIFT_VERSION = 5.0;
				TARGETED_DEVICE_FAMILY = "1,2";
			};
			name = Debug;
		};
		10B09A4C246628E7002D46ED /* Release */ = {
			isa = XCBuildConfiguration;
			baseConfigurationReference = 0901742A89E013E15BEFA07C /* Pods-Parstagram.release.xcconfig */;
			buildSettings = {
				ASSETCATALOG_COMPILER_APPICON_NAME = AppIcon;
				CODE_SIGN_STYLE = Automatic;
				INFOPLIST_FILE = Parstagram/Info.plist;
				LD_RUNPATH_SEARCH_PATHS = (
					"$(inherited)",
					"@executable_path/Frameworks",
				);
				PRODUCT_BUNDLE_IDENTIFIER = Codepath.Parstagram;
				PRODUCT_NAME = "$(TARGET_NAME)";
				SWIFT_VERSION = 5.0;
				TARGETED_DEVICE_FAMILY = "1,2";
			};
			name = Release;
		};
		10B09A4E246628E7002D46ED /* Debug */ = {
			isa = XCBuildConfiguration;
			baseConfigurationReference = 850C3FD59A9689A74F8423A9 /* Pods-ParstagramTests.debug.xcconfig */;
			buildSettings = {
				ALWAYS_EMBED_SWIFT_STANDARD_LIBRARIES = YES;
				BUNDLE_LOADER = "$(TEST_HOST)";
				CODE_SIGN_STYLE = Automatic;
				INFOPLIST_FILE = ParstagramTests/Info.plist;
				IPHONEOS_DEPLOYMENT_TARGET = 13.4;
				LD_RUNPATH_SEARCH_PATHS = (
					"$(inherited)",
					"@executable_path/Frameworks",
					"@loader_path/Frameworks",
				);
				PRODUCT_BUNDLE_IDENTIFIER = Codepath.ParstagramTests;
				PRODUCT_NAME = "$(TARGET_NAME)";
				SWIFT_VERSION = 5.0;
				TARGETED_DEVICE_FAMILY = "1,2";
				TEST_HOST = "$(BUILT_PRODUCTS_DIR)/Parstagram.app/Parstagram";
			};
			name = Debug;
		};
		10B09A4F246628E7002D46ED /* Release */ = {
			isa = XCBuildConfiguration;
			baseConfigurationReference = E7884562C4AAFEDC34B34B7B /* Pods-ParstagramTests.release.xcconfig */;
			buildSettings = {
				ALWAYS_EMBED_SWIFT_STANDARD_LIBRARIES = YES;
				BUNDLE_LOADER = "$(TEST_HOST)";
				CODE_SIGN_STYLE = Automatic;
				INFOPLIST_FILE = ParstagramTests/Info.plist;
				IPHONEOS_DEPLOYMENT_TARGET = 13.4;
				LD_RUNPATH_SEARCH_PATHS = (
					"$(inherited)",
					"@executable_path/Frameworks",
					"@loader_path/Frameworks",
				);
				PRODUCT_BUNDLE_IDENTIFIER = Codepath.ParstagramTests;
				PRODUCT_NAME = "$(TARGET_NAME)";
				SWIFT_VERSION = 5.0;
				TARGETED_DEVICE_FAMILY = "1,2";
				TEST_HOST = "$(BUILT_PRODUCTS_DIR)/Parstagram.app/Parstagram";
			};
			name = Release;
		};
		10B09A51246628E7002D46ED /* Debug */ = {
			isa = XCBuildConfiguration;
			baseConfigurationReference = 2262076ACCF276E6A30BBF72 /* Pods-Parstagram-ParstagramUITests.debug.xcconfig */;
			buildSettings = {
				ALWAYS_EMBED_SWIFT_STANDARD_LIBRARIES = YES;
				CODE_SIGN_STYLE = Automatic;
				INFOPLIST_FILE = ParstagramUITests/Info.plist;
				LD_RUNPATH_SEARCH_PATHS = (
					"$(inherited)",
					"@executable_path/Frameworks",
					"@loader_path/Frameworks",
				);
				PRODUCT_BUNDLE_IDENTIFIER = Codepath.ParstagramUITests;
				PRODUCT_NAME = "$(TARGET_NAME)";
				SWIFT_VERSION = 5.0;
				TARGETED_DEVICE_FAMILY = "1,2";
				TEST_TARGET_NAME = Parstagram;
			};
			name = Debug;
		};
		10B09A52246628E7002D46ED /* Release */ = {
			isa = XCBuildConfiguration;
			baseConfigurationReference = E1CA58BB0F8115049AEEBCBA /* Pods-Parstagram-ParstagramUITests.release.xcconfig */;
			buildSettings = {
				ALWAYS_EMBED_SWIFT_STANDARD_LIBRARIES = YES;
				CODE_SIGN_STYLE = Automatic;
				INFOPLIST_FILE = ParstagramUITests/Info.plist;
				LD_RUNPATH_SEARCH_PATHS = (
					"$(inherited)",
					"@executable_path/Frameworks",
					"@loader_path/Frameworks",
				);
				PRODUCT_BUNDLE_IDENTIFIER = Codepath.ParstagramUITests;
				PRODUCT_NAME = "$(TARGET_NAME)";
				SWIFT_VERSION = 5.0;
				TARGETED_DEVICE_FAMILY = "1,2";
				TEST_TARGET_NAME = Parstagram;
			};
			name = Release;
		};
/* End XCBuildConfiguration section */

/* Begin XCConfigurationList section */
		10B09A1B246628DF002D46ED /* Build configuration list for PBXProject "Parstagram" */ = {
			isa = XCConfigurationList;
			buildConfigurations = (
				10B09A48246628E7002D46ED /* Debug */,
				10B09A49246628E7002D46ED /* Release */,
			);
			defaultConfigurationIsVisible = 0;
			defaultConfigurationName = Release;
		};
		10B09A4A246628E7002D46ED /* Build configuration list for PBXNativeTarget "Parstagram" */ = {
			isa = XCConfigurationList;
			buildConfigurations = (
				10B09A4B246628E7002D46ED /* Debug */,
				10B09A4C246628E7002D46ED /* Release */,
			);
			defaultConfigurationIsVisible = 0;
			defaultConfigurationName = Release;
		};
		10B09A4D246628E7002D46ED /* Build configuration list for PBXNativeTarget "ParstagramTests" */ = {
			isa = XCConfigurationList;
			buildConfigurations = (
				10B09A4E246628E7002D46ED /* Debug */,
				10B09A4F246628E7002D46ED /* Release */,
			);
			defaultConfigurationIsVisible = 0;
			defaultConfigurationName = Release;
		};
		10B09A50246628E7002D46ED /* Build configuration list for PBXNativeTarget "ParstagramUITests" */ = {
			isa = XCConfigurationList;
			buildConfigurations = (
				10B09A51246628E7002D46ED /* Debug */,
				10B09A52246628E7002D46ED /* Release */,
			);
			defaultConfigurationIsVisible = 0;
			defaultConfigurationName = Release;
		};
/* End XCConfigurationList section */
	};
	rootObject = 10B09A18246628DF002D46ED /* Project object */;
}
